
Microsoft Visual Studio Solution File, Format Version 10.00
# Visual Studio 2008
Project("{FAE04EC0-301F-11D3-BF4B-00C04F79EFBC}") = "Top4Net", "Top4Net\Top4Net.csproj", "{C34B9CCF-9E78-497C-AFB6-8DFE5F55FA50}"
EndProject
Project("{FAE04EC0-301F-11D3-BF4B-00C04F79EFBC}") = "Top4NetTest", "Top4NetTest\Top4NetTest.csproj", "{7FAB942F-F126-4327-8604-A8CD0E4CD2AA}"
EndProject
Project("{2150E333-8FDC-42A3-9474-1A3956D46DE8}") = "Solution Items", "Solution Items", "{C443A9BF-1D0B-4F1B-919E-F6D42944202D}"
	ProjectSection(SolutionItems) = preProject
		LocalTestRun.testrunconfig = LocalTestRun.testrunconfig
		Top.vsmdi = Top.vsmdi
	EndProjectSection
EndProject
Global
	GlobalSection(SubversionScc) = preSolution
		Svn-Managed = True
		Manager = AnkhSVN - Subversion Support for Visual Studio
	EndGlobalSection
	GlobalSection(TestCaseManagementSettings) = postSolution
		CategoryFile = Top.vsmdi
	EndGlobalSection
	GlobalSection(SolutionConfigurationPlatforms) = preSolution
		Debug|Any CPU = Debug|Any CPU
		Release|Any CPU = Release|Any CPU
	EndGlobalSection
	GlobalSection(ProjectConfigurationPlatforms) = postSolution
		{C34B9CCF-9E78-497C-AFB6-8DFE5F55FA50}.Debug|Any CPU.ActiveCfg = Debug|Any CPU
		{C34B9CCF-9E78-497C-AFB6-8DFE5F55FA50}.Debug|Any CPU.Build.0 = Debug|Any CPU
		{C34B9CCF-9E78-497C-AFB6-8DFE5F55FA50}.Release|Any CPU.ActiveCfg = Release|Any CPU
		{C34B9CCF-9E78-497C-AFB6-8DFE5F55FA50}.Release|Any CPU.Build.0 = Release|Any CPU
		{7FAB942F-F126-4327-8604-A8CD0E4CD2AA}.Debug|Any CPU.ActiveCfg = Debug|Any CPU
		{7FAB942F-F126-4327-8604-A8CD0E4CD2AA}.Debug|Any CPU.Build.0 = Debug|Any CPU
		{7FAB942F-F126-4327-8604-A8CD0E4CD2AA}.Release|Any CPU.ActiveCfg = Release|Any CPU
		{7FAB942F-F126-4327-8604-A8CD0E4CD2AA}.Release|Any CPU.Build.0 = Release|Any CPU
	EndGlobalSection
	GlobalSection(SolutionProperties) = preSolution
		HideSolutionNode = FALSE
	EndGlobalSection
EndGlobal
